
Microsoft Visual Studio Solution File, Format Version 12.00
# Visual Studio Version 16
VisualStudioVersion = 16.0.30907.101
MinimumVisualStudioVersion = 10.0.40219.1
Project("{FAE04EC0-301F-11D3-BF4B-00C04F79EFBC}") = "Character_Recognition", "Character_Recognition.csproj", "{F0E67161-CD05-45BF-A8B0-2082728FC895}"
EndProject
Global
	GlobalSection(SolutionConfigurationPlatforms) = preSolution
		Debug|Any CPU = Debug|Any CPU
		Release|Any CPU = Release|Any CPU
	EndGlobalSection
	GlobalSection(ProjectConfigurationPlatforms) = postSolution
		{F0E67161-CD05-45BF-A8B0-2082728FC895}.Debug|Any CPU.ActiveCfg = Debug|Any CPU
		{F0E67161-CD05-45BF-A8B0-2082728FC895}.Debug|Any CPU.Build.0 = Debug|Any CPU
		{F0E67161-CD05-45BF-A8B0-2082728FC895}.Release|Any CPU.ActiveCfg = Release|Any CPU
		{F0E67161-CD05-45BF-A8B0-2082728FC895}.Release|Any CPU.Build.0 = Release|Any CPU
	EndGlobalSection
	GlobalSection(SolutionProperties) = preSolution
		HideSolutionNode = FALSE
	EndGlobalSection
	GlobalSection(ExtensibilityGlobals) = postSolution
		SolutionGuid = {334F5D0B-BC86-4298-8D0B-BA804A5FCFE7}
	EndGlobalSection
EndGlobal
